{
  "name": "chio-openai-compatible-example",
  "lockfileVersion": 3,
  "requires": true,
  "packages": {
    "": {
      "name": "chio-openai-compatible-example",
      "dependencies": {
        "@chio-protocol/sdk": "file:../../packages/sdk/chio-ts",
        "openai": "^6.34.0"
      },
      "engines": {
        "node": ">=22"
      }
    },
    "../../packages/sdk/chio-ts": {
      "name": "@chio-protocol/sdk",
      "version": "1.0.0",
      "devDependencies": {
        "@types/node": "^22.0.0",
        "typescript": "~5.7.0"
      },
      "engines": {
        "node": ">=22"
      }
    },
    "node_modules/@chio-protocol/sdk": {
      "resolved": "../../packages/sdk/chio-ts",
      "link": true
    },
    "node_modules/openai": {
      "version": "6.34.0",
      "resolved": "https://registry.npmjs.org/openai/-/openai-6.34.0.tgz",
      "integrity": "sha512-yEr2jdGf4tVFYG6ohmr3pF6VJuveP0EA/sS8TBx+4Eq5NT10alu5zg2dmxMXMgqpihRDQlFGpRt2XwsGj+Fyxw==",
      "license": "Apache-2.0",
      "bin": {
        "openai": "bin/cli"
      },
      "peerDependencies": {
        "ws": "^8.18.0",
        "zod": "^3.25 || ^4.0"
      },
      "peerDependenciesMeta": {
        "ws": {
          "optional": true
        },
        "zod": {
          "optional": true
        }
      }
    }
  }
}
