abseil-cpp-20240722.1-r1
abseil-cpp-atomic-hook-test-helper-20240722.1-r1
abseil-cpp-bad-any-cast-impl-20240722.1-r1
abseil-cpp-bad-optional-access-20240722.1-r1
abseil-cpp-bad-variant-access-20240722.1-r1
abseil-cpp-base-20240722.1-r1
abseil-cpp-city-20240722.1-r1
abseil-cpp-civil-time-20240722.1-r1
abseil-cpp-cord-20240722.1-r1
abseil-cpp-cord-internal-20240722.1-r1
abseil-cpp-cordz-functions-20240722.1-r1
abseil-cpp-cordz-handle-20240722.1-r1
abseil-cpp-cordz-info-20240722.1-r1
abseil-cpp-cordz-sample-token-20240722.1-r1
abseil-cpp-crc-cord-state-20240722.1-r1
abseil-cpp-crc-cpu-detect-20240722.1-r1
abseil-cpp-crc-internal-20240722.1-r1
abseil-cpp-crc32c-20240722.1-r1
abseil-cpp-debugging-internal-20240722.1-r1
abseil-cpp-demangle-internal-20240722.1-r1
abseil-cpp-dev-20240722.1-r1
abseil-cpp-die-if-null-20240722.1-r1
abseil-cpp-examine-stack-20240722.1-r1
abseil-cpp-exception-safety-testing-20240722.1-r1
abseil-cpp-exponential-biased-20240722.1-r1
abseil-cpp-failure-signal-handler-20240722.1-r1
abseil-cpp-flags-commandlineflag-20240722.1-r1
abseil-cpp-flags-commandlineflag-internal-20240722.1-r1
abseil-cpp-flags-config-20240722.1-r1
abseil-cpp-flags-internal-20240722.1-r1
abseil-cpp-flags-marshalling-20240722.1-r1
abseil-cpp-flags-parse-20240722.1-r1
abseil-cpp-flags-private-handle-accessor-20240722.1-r1
abseil-cpp-flags-program-name-20240722.1-r1
abseil-cpp-flags-reflection-20240722.1-r1
abseil-cpp-flags-usage-20240722.1-r1
abseil-cpp-flags-usage-internal-20240722.1-r1
abseil-cpp-graphcycles-internal-20240722.1-r1
abseil-cpp-hash-20240722.1-r1
abseil-cpp-hash-generator-testing-20240722.1-r1
abseil-cpp-hashtablez-sampler-20240722.1-r1
abseil-cpp-int128-20240722.1-r1
abseil-cpp-kernel-timeout-internal-20240722.1-r1
abseil-cpp-leak-check-20240722.1-r1
abseil-cpp-log-entry-20240722.1-r1
abseil-cpp-log-flags-20240722.1-r1
abseil-cpp-log-globals-20240722.1-r1
abseil-cpp-log-initialize-20240722.1-r1
abseil-cpp-log-internal-check-op-20240722.1-r1
abseil-cpp-log-internal-conditions-20240722.1-r1
abseil-cpp-log-internal-fnmatch-20240722.1-r1
abseil-cpp-log-internal-format-20240722.1-r1
abseil-cpp-log-internal-globals-20240722.1-r1
abseil-cpp-log-internal-log-sink-set-20240722.1-r1
abseil-cpp-log-internal-message-20240722.1-r1
abseil-cpp-log-internal-nullguard-20240722.1-r1
abseil-cpp-log-internal-proto-20240722.1-r1
abseil-cpp-log-internal-test-actions-20240722.1-r1
abseil-cpp-log-internal-test-helpers-20240722.1-r1
abseil-cpp-log-internal-test-matchers-20240722.1-r1
abseil-cpp-log-severity-20240722.1-r1
abseil-cpp-log-sink-20240722.1-r1
abseil-cpp-low-level-hash-20240722.1-r1
abseil-cpp-malloc-internal-20240722.1-r1
abseil-cpp-per-thread-sem-test-common-20240722.1-r1
abseil-cpp-periodic-sampler-20240722.1-r1
abseil-cpp-pow10-helper-20240722.1-r1
abseil-cpp-random-distributions-20240722.1-r1
abseil-cpp-random-internal-distribution-test-util-20240722.1-r1
abseil-cpp-random-internal-platform-20240722.1-r1
abseil-cpp-random-internal-pool-urbg-20240722.1-r1
abseil-cpp-random-internal-randen-20240722.1-r1
abseil-cpp-random-internal-randen-hwaes-20240722.1-r1
abseil-cpp-random-internal-randen-hwaes-impl-20240722.1-r1
abseil-cpp-random-internal-randen-slow-20240722.1-r1
abseil-cpp-random-internal-seed-material-20240722.1-r1
abseil-cpp-random-seed-gen-exception-20240722.1-r1
abseil-cpp-random-seed-sequences-20240722.1-r1
abseil-cpp-raw-hash-set-20240722.1-r1
abseil-cpp-raw-logging-internal-20240722.1-r1
abseil-cpp-scoped-mock-log-20240722.1-r1
abseil-cpp-scoped-set-env-20240722.1-r1
abseil-cpp-spinlock-test-common-20240722.1-r1
abseil-cpp-spinlock-wait-20240722.1-r1
abseil-cpp-stack-consumption-20240722.1-r1
abseil-cpp-stacktrace-20240722.1-r1
abseil-cpp-status-20240722.1-r1
abseil-cpp-statusor-20240722.1-r1
abseil-cpp-str-format-internal-20240722.1-r1
abseil-cpp-strerror-20240722.1-r1
abseil-cpp-string-view-20240722.1-r1
abseil-cpp-strings-20240722.1-r1
abseil-cpp-strings-internal-20240722.1-r1
abseil-cpp-symbolize-20240722.1-r1
abseil-cpp-synchronization-20240722.1-r1
abseil-cpp-test-instance-tracker-20240722.1-r1
abseil-cpp-throw-delegate-20240722.1-r1
abseil-cpp-time-20240722.1-r1
abseil-cpp-time-internal-test-util-20240722.1-r1
abseil-cpp-time-zone-20240722.1-r1
abseil-cpp-vlog-config-internal-20240722.1-r1
acl-libs-2.3.2-r1
agetty-2.41-r9
alpine-baselayout-3.7.0-r0
alpine-baselayout-data-3.7.0-r0
alpine-keys-2.5-r0
alpine-release-3.22.3-r0
apk-tools-2.14.9-r3
bash-5.2.37-r0
binutils-2.44-r3
blkid-2.41-r9
brotli-libs-1.1.0-r2
build-base-0.5-r3
busybox-1.37.0-r20
busybox-binsh-1.37.0-r20
c-ares-1.34.8-r0
ca-certificates-20260611-r0
ca-certificates-bundle-20250911-r0
cfdisk-2.41-r9
cmake-3.31.7-r1
coreutils-9.7-r1
coreutils-env-9.7-r1
coreutils-fmt-9.7-r1
coreutils-sha512sum-9.7-r1
curl-8.14.1-r3
dmesg-2.41-r9
file-5.46-r2
findmnt-2.41-r9
flock-2.41-r9
fortify-headers-1.1-r5
fstrim-2.41-r9
g++-14.2.0-r6
gcc-14.2.0-r6
gdbm-1.24-r0
git-2.49.1-r0
git-init-template-2.49.1-r0
gmock-1.16.0-r0
gmp-6.3.0-r3
gtest-1.16.0-r0
hexdump-2.41-r9
isl26-0.26-r1
jansson-2.14.1-r0
jq-1.8.1-r0
libapk2-2.14.9-r3
libarchive-3.8.3-r0
libatomic-14.2.0-r6
libattr-2.5.2-r2
libblkid-2.41-r9
libbz2-1.0.8-r6
libcap-ng-0.8.5-r0
libcrypto3-3.5.7-r0
libcurl-8.14.1-r3
libeconf-0.6.3-r0
libexpat-2.8.2-r0
libfdisk-2.41-r9
libffi-3.4.8-r0
libgcc-14.2.0-r6
libgomp-14.2.0-r6
libidn2-2.3.7-r0
libmagic-5.46-r2
libmount-2.41-r9
libncursesw-6.5_p20250503-r0
libpanelw-6.5_p20250503-r0
libprotobuf-29.4-r0
libprotobuf-lite-29.4-r0
libprotoc-29.4-r0
libpsl-0.21.5-r3
libsmartcols-2.41-r9
libssl3-3.5.7-r0
libstdc++-14.2.0-r6
libstdc++-dev-14.2.0-r6
libunistring-1.3-r0
libuuid-2.41-r9
libuv-1.51.0-r0
linux-headers-6.14.2-r0
linux-pam-1.7.0-r4
logger-2.41-r9
losetup-2.41-r9
lsblk-2.41-r9
lscpu-2.41-r9
lz4-libs-1.10.0-r0
make-4.4.1-r3
mcookie-2.41-r9
mount-2.41-r9
mpc1-1.3.1-r1
mpdecimal-4.0.1-r0
mpfr4-4.2.1_p1-r0
musl-1.2.5-r10
musl-dev-1.2.5-r10
musl-utils-1.2.5-r10
ncurses-terminfo-base-6.5_p20250503-r0
nghttp2-libs-1.69.0-r0
oniguruma-6.9.10-r0
openssl-dev-3.5.7-r0
partx-2.41-r9
patch-2.8-r0
pcre2-10.46-r0
pkgconf-2.4.3-r0
protobuf-29.4-r0
protobuf-dev-29.4-r0
protoc-29.4-r0
pyc-3.12.13-r0
python3-3.12.13-r0
python3-pyc-3.12.13-r0
python3-pycache-pyc0-3.12.13-r0
readline-8.2.13-r1
rhash-libs-1.4.5-r0
runuser-2.41-r9
scanelf-1.3.8-r1
setarch-2.41-r9
setpriv-2.41-r9
sfdisk-2.41-r9
skalibs-libs-2.14.4.0-r0
sqlite-libs-3.49.2-r1
ssl_client-1.37.0-r20
umount-2.41-r9
util-linux-2.41-r9
util-linux-misc-2.41-r9
utmps-libs-0.1.3.1-r0
uuidgen-2.41-r9
wipefs-2.41-r9
xz-libs-5.8.3-r0
zlib-1.3.2-r0
zlib-dev-1.3.2-r0
zstd-libs-1.5.7-r0
